hash: 8400d211c1ec2be1312c30b801769a0fea7203746d353286146e764b799c9e94
updated: 2017-11-29T02:34:10.311921287+01:00
imports:
- name: github.com/aristanetworks/goarista
  version: 54fadd0c513d502544edf098480238dc9da50f9e
  subpackages:
  - monotime
- name: github.com/blockcypher/gobcy
  version: 6eace16b4b81ea8dbdcde5417d6b1cc3828a3d1f
- name: github.com/btcsuite/btcd
  version: 8cea3866d0f7fb12d567a20744942c0d078c7d15
  subpackages:
  - btcec
- name: github.com/davecgh/go-spew
  version: ecdeabc65495df2dec95d7c4a4c3e021903035e5
  subpackages:
  - spew
- name: github.com/ethereum/go-ethereum
  version: eeed8267316545544b1e3bec1e0799e1337c6ac2
  repo: https://github.com/robert-zaremba/go-ethereum.git
  vcs: git
  subpackages:
  - accounts
  - accounts/abi
  - accounts/abi/bind
  - accounts/keystore
  - common
  - common/hexutil
  - common/math
  - common/mclock
  - core/types
  - crypto
  - crypto/randentropy
  - crypto/secp256k1
  - crypto/sha3
  - ethclient
  - event
  - log
  - params
  - rlp
  - rpc
  - trie
- name: github.com/facebookgo/stack
  version: 751773369052141c013c6e827a71e8f35c07879c
- name: github.com/go-ozzo/ozzo-routing
  version: bd886380e6a7fe8d842c68b595fadae2dcc3bee8
  subpackages:
  - content
- name: github.com/go-pg/pg
  version: 91c6bdd887406878e9bde15f3c4a12c1197da739
  subpackages:
  - internal
  - internal/parser
  - internal/pool
  - orm
  - types
- name: github.com/go-stack/stack
  version: 259ab82a6cad3992b4e21ff5cac294ccb06474bc
- name: github.com/golang/gddo
  version: 293f5da99ebf75dfe83bdc40605c1dca64a484a9
  subpackages:
  - httputil/header
- name: github.com/jinzhu/inflection
  version: 1c35d901db3da928c72a72d8458480cc9ade058f
- name: github.com/kardianos/osext
  version: ae77be60afb1dcacde03767a8c37337fad28ac14
- name: github.com/mattn/go-colorable
  version: 6fcc0c1fd9b620311d821b106a400b35dc95c497
- name: github.com/mattn/go-isatty
  version: fc9e8d8ef48496124e79ae0df75490096eccf6fe
- name: github.com/mozillazg/go-unidecode
  version: 8772af720c7f2f4d216cc73c5f23de17450dd008
  subpackages:
  - table
- name: github.com/orinocopay/go-etherutils
  version: 5a40b2fe75c054b84b4fecd78087a11f178558e0
- name: github.com/pborman/uuid
  version: e533369306653d193b93dae055f6083cbf8ba54f
- name: github.com/rcrowley/go-metrics
  version: e181e095bae94582363434144c61a9653aff6e50
- name: github.com/rjeczalik/notify
  version: 767eb674ef14b09119b2fff3601e64558d530c47
- name: github.com/robert-zaremba/errstack
  version: 12ccea542a2cf679a7564bc301722233da96fee3
- name: github.com/robert-zaremba/go-bat
  version: 93de3860e2baf5ae71049f8bd6e5a39e0629c931
- name: github.com/robert-zaremba/go-pgt
  version: 61884604b51212cc846c177471b0449a6b98baa3
- name: github.com/robert-zaremba/go-tty
  version: a49e47f28136bfa4eeb77328529d374ed2fb9203
- name: github.com/robert-zaremba/log15
  version: 9c6b93f6a99e2fc4593c66fbea4fe1cbe7f4b759
  subpackages:
  - rollbar
  - term
- name: github.com/rs/cors
  version: eabcc6af4bbe5ad3a949d36450326a2b0b9894b8
- name: github.com/scale-it/go-log
  version: 0bd38940b27db07b5c4887bafe3a96a79f6f5556
- name: github.com/scale-it/go-web
  version: 7e4dca5224b2f5cf7bfecaf952acad645e483c56
  subpackages:
  - handlers
- name: github.com/spaolacci/murmur3
  version: 9f5d223c60793748f04a9d5b4b4eacddfc1f755d
- name: github.com/stvp/rollbar
  version: 4a50daf855af93a350f2a6789101cd51955c88ca
- name: github.com/ugorji/go
  version: 84cb69a8af8316eed8cf4a3c9368a56977850062
  subpackages:
  - codec
- name: golang.org/x/crypto
  version: 94eea52f7b742c7cbe0b03b22f0c4c8631ece122
  subpackages:
  - pbkdf2
  - scrypt
- name: golang.org/x/net
  version: b60f3a92103dfd93dfcb900ec77c6d0643510868
  subpackages:
  - context
  - context/ctxhttp
  - http2
  - http2/hpack
  - idna
  - internal/timeseries
  - lex/httplex
  - trace
  - websocket
- name: golang.org/x/sys
  version: 1006bb3484c92b19a5b6612452e038b554fadb9c
  subpackages:
  - unix
- name: golang.org/x/tools
  version: 2c687adedb6d6e9609b0f4b0c69d445c6e2cd69c
  subpackages:
  - go/ast/astutil
  - imports
- name: gopkg.in/check.v1
  version: 20d25e2804050c1cd24a7eea1e7a6447dd0e74ec
- name: gopkg.in/fatih/set.v0
  version: 27c40922c40b43fe04554d8223a402af3ea333f3
- name: gopkg.in/karalabe/cookiejar.v2
  version: 8dcd6a7f4951f6ff3ee9cbb919a06d8925822e57
  subpackages:
  - collections/prque
- name: gopkg.in/natefinch/npipe.v2
  version: c1b8fa8bdccecb0b8db834ee0b92fdbcfa606dd6
testImports:
- name: github.com/scale-it/checkers
  version: b0b6f67175a4804f4d795e6483cd240da40848b9
